
Microsoft Visual Studio Solution File, Format Version 12.00
# Visual Studio 14
VisualStudioVersion = 14.0.25420.1
MinimumVisualStudioVersion = 10.0.40219.1
Project("{FAE04EC0-301F-11D3-BF4B-00C04F79EFBC}") = "FirstApp", "FirstApp\FirstApp.csproj", "{8C331933-3891-4492-9612-956753EF7020}"
EndProject
Project("{FAE04EC0-301F-11D3-BF4B-00C04F79EFBC}") = "StudentsDB", "StudentsDB\StudentsDB.csproj", "{D4898156-A4DF-4A86-836F-32CC2C28BA3C}"
EndProject
Project("{FAE04EC0-301F-11D3-BF4B-00C04F79EFBC}") = "IOOperations", "IOOperations\IOOperations.csproj", "{915A4B80-B3A0-4481-8B90-EFE4689AFAA0}"
EndProject
Project("{FAE04EC0-301F-11D3-BF4B-00C04F79EFBC}") = "UIApp", "UIApp\UIApp.csproj", "{F7623EAF-4732-435C-ADBC-48877AC86F9D}"
EndProject
Project("{FAE04EC0-301F-11D3-BF4B-00C04F79EFBC}") = "ThreadExamples", "ThreadExamples\ThreadExamples.csproj", "{AE4E2D2E-48D7-47C7-BE51-6FB0DC6F1A28}"
EndProject
Project("{FAE04EC0-301F-11D3-BF4B-00C04F79EFBC}") = "Philosophes", "Philosophes\Philosophes.csproj", "{6B8F8FA5-4B77-475B-8BC6-A6C90E3A0C53}"
EndProject
Project("{FAE04EC0-301F-11D3-BF4B-00C04F79EFBC}") = "MultipleThreadCase", "MultipleThreadCase\MultipleThreadCase.csproj", "{4FB335EC-8492-44A3-9C4D-768311F23337}"
EndProject
Project("{FAE04EC0-301F-11D3-BF4B-00C04F79EFBC}") = "MultiThreadSortTest", "MultiThreadSortTest\MultiThreadSortTest.csproj", "{1E5CE50B-ABA7-430F-B594-654E3F781B16}"
EndProject
Project("{FAE04EC0-301F-11D3-BF4B-00C04F79EFBC}") = "SimpleCommunicator", "SimpleCommunicator\SimpleCommunicator.csproj", "{92293410-E71B-4A0C-85BE-30D52F53F69A}"
EndProject
Project("{FAE04EC0-301F-11D3-BF4B-00C04F79EFBC}") = "CommunicatorWindowsForms", "CommunicatorWindowsForms\CommunicatorWindowsForms.csproj", "{4B455A22-2EED-472A-9145-4522C0F21099}"
EndProject
Global
	GlobalSection(SolutionConfigurationPlatforms) = preSolution
		Debug|Any CPU = Debug|Any CPU
		Release|Any CPU = Release|Any CPU
	EndGlobalSection
	GlobalSection(ProjectConfigurationPlatforms) = postSolution
		{8C331933-3891-4492-9612-956753EF7020}.Debug|Any CPU.ActiveCfg = Debug|Any CPU
		{8C331933-3891-4492-9612-956753EF7020}.Debug|Any CPU.Build.0 = Debug|Any CPU
		{8C331933-3891-4492-9612-956753EF7020}.Release|Any CPU.ActiveCfg = Release|Any CPU
		{8C331933-3891-4492-9612-956753EF7020}.Release|Any CPU.Build.0 = Release|Any CPU
		{D4898156-A4DF-4A86-836F-32CC2C28BA3C}.Debug|Any CPU.ActiveCfg = Debug|Any CPU
		{D4898156-A4DF-4A86-836F-32CC2C28BA3C}.Debug|Any CPU.Build.0 = Debug|Any CPU
		{D4898156-A4DF-4A86-836F-32CC2C28BA3C}.Release|Any CPU.ActiveCfg = Release|Any CPU
		{D4898156-A4DF-4A86-836F-32CC2C28BA3C}.Release|Any CPU.Build.0 = Release|Any CPU
		{915A4B80-B3A0-4481-8B90-EFE4689AFAA0}.Debug|Any CPU.ActiveCfg = Debug|Any CPU
		{915A4B80-B3A0-4481-8B90-EFE4689AFAA0}.Debug|Any CPU.Build.0 = Debug|Any CPU
		{915A4B80-B3A0-4481-8B90-EFE4689AFAA0}.Release|Any CPU.ActiveCfg = Release|Any CPU
		{915A4B80-B3A0-4481-8B90-EFE4689AFAA0}.Release|Any CPU.Build.0 = Release|Any CPU
		{F7623EAF-4732-435C-ADBC-48877AC86F9D}.Debug|Any CPU.ActiveCfg = Debug|Any CPU
		{F7623EAF-4732-435C-ADBC-48877AC86F9D}.Debug|Any CPU.Build.0 = Debug|Any CPU
		{F7623EAF-4732-435C-ADBC-48877AC86F9D}.Release|Any CPU.ActiveCfg = Release|Any CPU
		{F7623EAF-4732-435C-ADBC-48877AC86F9D}.Release|Any CPU.Build.0 = Release|Any CPU
		{AE4E2D2E-48D7-47C7-BE51-6FB0DC6F1A28}.Debug|Any CPU.ActiveCfg = Debug|Any CPU
		{AE4E2D2E-48D7-47C7-BE51-6FB0DC6F1A28}.Debug|Any CPU.Build.0 = Debug|Any CPU
		{AE4E2D2E-48D7-47C7-BE51-6FB0DC6F1A28}.Release|Any CPU.ActiveCfg = Release|Any CPU
		{AE4E2D2E-48D7-47C7-BE51-6FB0DC6F1A28}.Release|Any CPU.Build.0 = Release|Any CPU
		{6B8F8FA5-4B77-475B-8BC6-A6C90E3A0C53}.Debug|Any CPU.ActiveCfg = Debug|Any CPU
		{6B8F8FA5-4B77-475B-8BC6-A6C90E3A0C53}.Debug|Any CPU.Build.0 = Debug|Any CPU
		{6B8F8FA5-4B77-475B-8BC6-A6C90E3A0C53}.Release|Any CPU.ActiveCfg = Release|Any CPU
		{6B8F8FA5-4B77-475B-8BC6-A6C90E3A0C53}.Release|Any CPU.Build.0 = Release|Any CPU
		{4FB335EC-8492-44A3-9C4D-768311F23337}.Debug|Any CPU.ActiveCfg = Debug|Any CPU
		{4FB335EC-8492-44A3-9C4D-768311F23337}.Debug|Any CPU.Build.0 = Debug|Any CPU
		{4FB335EC-8492-44A3-9C4D-768311F23337}.Release|Any CPU.ActiveCfg = Release|Any CPU
		{4FB335EC-8492-44A3-9C4D-768311F23337}.Release|Any CPU.Build.0 = Release|Any CPU
		{1E5CE50B-ABA7-430F-B594-654E3F781B16}.Debug|Any CPU.ActiveCfg = Debug|Any CPU
		{1E5CE50B-ABA7-430F-B594-654E3F781B16}.Debug|Any CPU.Build.0 = Debug|Any CPU
		{1E5CE50B-ABA7-430F-B594-654E3F781B16}.Release|Any CPU.ActiveCfg = Release|Any CPU
		{1E5CE50B-ABA7-430F-B594-654E3F781B16}.Release|Any CPU.Build.0 = Release|Any CPU
		{92293410-E71B-4A0C-85BE-30D52F53F69A}.Debug|Any CPU.ActiveCfg = Debug|Any CPU
		{92293410-E71B-4A0C-85BE-30D52F53F69A}.Debug|Any CPU.Build.0 = Debug|Any CPU
		{92293410-E71B-4A0C-85BE-30D52F53F69A}.Release|Any CPU.ActiveCfg = Release|Any CPU
		{92293410-E71B-4A0C-85BE-30D52F53F69A}.Release|Any CPU.Build.0 = Release|Any CPU
		{4B455A22-2EED-472A-9145-4522C0F21099}.Debug|Any CPU.ActiveCfg = Debug|Any CPU
		{4B455A22-2EED-472A-9145-4522C0F21099}.Debug|Any CPU.Build.0 = Debug|Any CPU
		{4B455A22-2EED-472A-9145-4522C0F21099}.Release|Any CPU.ActiveCfg = Release|Any CPU
		{4B455A22-2EED-472A-9145-4522C0F21099}.Release|Any CPU.Build.0 = Release|Any CPU
	EndGlobalSection
	GlobalSection(SolutionProperties) = preSolution
		HideSolutionNode = FALSE
	EndGlobalSection
EndGlobal
